
Microsoft Visual Studio Solution File, Format Version 12.00
# Visual Studio Version 16
VisualStudioVersion = 16.0.31112.23
MinimumVisualStudioVersion = 10.0.40219.1
Project("{FAE04EC0-301F-11D3-BF4B-00C04F79EFBC}") = "ProductPriceStatisticsWpfApp", "ProductPriceStatisticsWpfApp\ProductPriceStatisticsWpfApp.csproj", "{44928959-DA55-4946-96EB-1FAD2738338C}"
EndProject
Global
	GlobalSection(SolutionConfigurationPlatforms) = preSolution
		Debug|Any CPU = Debug|Any CPU
		Release|Any CPU = Release|Any CPU
	EndGlobalSection
	GlobalSection(ProjectConfigurationPlatforms) = postSolution
		{44928959-DA55-4946-96EB-1FAD2738338C}.Debug|Any CPU.ActiveCfg = Debug|Any CPU
		{44928959-DA55-4946-96EB-1FAD2738338C}.Debug|Any CPU.Build.0 = Debug|Any CPU
		{44928959-DA55-4946-96EB-1FAD2738338C}.Release|Any CPU.ActiveCfg = Release|Any CPU
		{44928959-DA55-4946-96EB-1FAD2738338C}.Release|Any CPU.Build.0 = Release|Any CPU
	EndGlobalSection
	GlobalSection(SolutionProperties) = preSolution
		HideSolutionNode = FALSE
	EndGlobalSection
	GlobalSection(ExtensibilityGlobals) = postSolution
		SolutionGuid = {F9ED2DAA-A66A-4BD2-BE94-95155632F3FF}
	EndGlobalSection
EndGlobal
